
Microsoft Visual Studio Solution File, Format Version 12.00
# Visual Studio Version 16
VisualStudioVersion = 16.0.29806.167
MinimumVisualStudioVersion = 10.0.40219.1
Project("{FAE04EC0-301F-11D3-BF4B-00C04F79EFBC}") = "ConsoleApp4", "ConsoleApp4\ConsoleApp4.csproj", "{C313E262-3BB5-498C-8D5A-705AF447C3FB}"
EndProject
Project("{F184B08F-C81C-45F6-A57F-5ABD9991F28F}") = "ConsoleApp3", "ConsoleApp3\ConsoleApp3.vbproj", "{2D540540-FB26-4913-8123-78825BF68E1A}"
EndProject
Project("{FAE04EC0-301F-11D3-BF4B-00C04F79EFBC}") = "ConsoleApp5", "ConsoleApp5\ConsoleApp5.csproj", "{4996D611-D185-48A4-93CF-1D8DFFC7377A}"
EndProject
Project("{F184B08F-C81C-45F6-A57F-5ABD9991F28F}") = "ConsoleApp6", "ConsoleApp6\ConsoleApp6.vbproj", "{83B75DE1-9BCA-4860-851C-955536BCCF8D}"
EndProject
Project("{FAE04EC0-301F-11D3-BF4B-00C04F79EFBC}") = "ClassLibrary1", "ClassLibrary1\ClassLibrary1.csproj", "{541A94CB-C7CD-4CC6-87FB-F8453A1C8D29}"
EndProject
Global
	GlobalSection(SolutionConfigurationPlatforms) = preSolution
		Debug|Any CPU = Debug|Any CPU
		Release|Any CPU = Release|Any CPU
	EndGlobalSection
	GlobalSection(ProjectConfigurationPlatforms) = postSolution
		{C313E262-3BB5-498C-8D5A-705AF447C3FB}.Debug|Any CPU.ActiveCfg = Debug|Any CPU
		{C313E262-3BB5-498C-8D5A-705AF447C3FB}.Debug|Any CPU.Build.0 = Debug|Any CPU
		{C313E262-3BB5-498C-8D5A-705AF447C3FB}.Release|Any CPU.ActiveCfg = Release|Any CPU
		{C313E262-3BB5-498C-8D5A-705AF447C3FB}.Release|Any CPU.Build.0 = Release|Any CPU
		{2D540540-FB26-4913-8123-78825BF68E1A}.Debug|Any CPU.ActiveCfg = Debug|Any CPU
		{2D540540-FB26-4913-8123-78825BF68E1A}.Debug|Any CPU.Build.0 = Debug|Any CPU
		{2D540540-FB26-4913-8123-78825BF68E1A}.Release|Any CPU.ActiveCfg = Release|Any CPU
		{2D540540-FB26-4913-8123-78825BF68E1A}.Release|Any CPU.Build.0 = Release|Any CPU
		{4996D611-D185-48A4-93CF-1D8DFFC7377A}.Debug|Any CPU.ActiveCfg = Debug|Any CPU
		{4996D611-D185-48A4-93CF-1D8DFFC7377A}.Debug|Any CPU.Build.0 = Debug|Any CPU
		{4996D611-D185-48A4-93CF-1D8DFFC7377A}.Release|Any CPU.ActiveCfg = Release|Any CPU
		{4996D611-D185-48A4-93CF-1D8DFFC7377A}.Release|Any CPU.Build.0 = Release|Any CPU
		{83B75DE1-9BCA-4860-851C-955536BCCF8D}.Debug|Any CPU.ActiveCfg = Debug|Any CPU
		{83B75DE1-9BCA-4860-851C-955536BCCF8D}.Debug|Any CPU.Build.0 = Debug|Any CPU
		{83B75DE1-9BCA-4860-851C-955536BCCF8D}.Release|Any CPU.ActiveCfg = Release|Any CPU
		{83B75DE1-9BCA-4860-851C-955536BCCF8D}.Release|Any CPU.Build.0 = Release|Any CPU
		{541A94CB-C7CD-4CC6-87FB-F8453A1C8D29}.Debug|Any CPU.ActiveCfg = Debug|Any CPU
		{541A94CB-C7CD-4CC6-87FB-F8453A1C8D29}.Debug|Any CPU.Build.0 = Debug|Any CPU
		{541A94CB-C7CD-4CC6-87FB-F8453A1C8D29}.Release|Any CPU.ActiveCfg = Release|Any CPU
		{541A94CB-C7CD-4CC6-87FB-F8453A1C8D29}.Release|Any CPU.Build.0 = Release|Any CPU
	EndGlobalSection
	GlobalSection(SolutionProperties) = preSolution
		HideSolutionNode = FALSE
	EndGlobalSection
	GlobalSection(ExtensibilityGlobals) = postSolution
		SolutionGuid = {21E8350E-9CA1-4D73-9CD6-5E6E3FC6D28C}
	EndGlobalSection
EndGlobal
